
Microsoft Visual Studio Solution File, Format Version 12.00
# Visual Studio Version 16
VisualStudioVersion = 16.0.33328.57
MinimumVisualStudioVersion = 10.0.40219.1
Project("{FAE04EC0-301F-11D3-BF4B-00C04F79EFBC}") = "RobotManagementSystem", "RobotManagementSystem\RobotManagementSystem.csproj", "{0D67C79C-583D-4E85-BA80-FE7C0CFD8C2F}"
EndProject
Global
	GlobalSection(SolutionConfigurationPlatforms) = preSolution
		Debug|Any CPU = Debug|Any CPU
		Release|Any CPU = Release|Any CPU
	EndGlobalSection
	GlobalSection(ProjectConfigurationPlatforms) = postSolution
		{0D67C79C-583D-4E85-BA80-FE7C0CFD8C2F}.Debug|Any CPU.ActiveCfg = Debug|Any CPU
		{0D67C79C-583D-4E85-BA80-FE7C0CFD8C2F}.Debug|Any CPU.Build.0 = Debug|Any CPU
		{0D67C79C-583D-4E85-BA80-FE7C0CFD8C2F}.Release|Any CPU.ActiveCfg = Release|Any CPU
		{0D67C79C-583D-4E85-BA80-FE7C0CFD8C2F}.Release|Any CPU.Build.0 = Release|Any CPU
	EndGlobalSection
	GlobalSection(SolutionProperties) = preSolution
		HideSolutionNode = FALSE
	EndGlobalSection
	GlobalSection(ExtensibilityGlobals) = postSolution
		SolutionGuid = {8711300C-6AAB-435C-ADB2-A8C6E51F26C7}
	EndGlobalSection
EndGlobal
